
Microsoft Visual Studio Solution File, Format Version 12.00
# Visual Studio Version 17
VisualStudioVersion = 17.2.32516.85
MinimumVisualStudioVersion = 10.0.40219.1
Project("{FAE04EC0-301F-11D3-BF4B-00C04F79EFBC}") = "Rich_text", "Rich_text\Rich_text.csproj", "{C722A5D4-F1BA-4349-A375-4FBA2DCC10D7}"
EndProject
Global
	GlobalSection(SolutionConfigurationPlatforms) = preSolution
		Debug|Any CPU = Debug|Any CPU
		Release|Any CPU = Release|Any CPU
	EndGlobalSection
	GlobalSection(ProjectConfigurationPlatforms) = postSolution
		{C722A5D4-F1BA-4349-A375-4FBA2DCC10D7}.Debug|Any CPU.ActiveCfg = Debug|Any CPU
		{C722A5D4-F1BA-4349-A375-4FBA2DCC10D7}.Debug|Any CPU.Build.0 = Debug|Any CPU
		{C722A5D4-F1BA-4349-A375-4FBA2DCC10D7}.Release|Any CPU.ActiveCfg = Release|Any CPU
		{C722A5D4-F1BA-4349-A375-4FBA2DCC10D7}.Release|Any CPU.Build.0 = Release|Any CPU
	EndGlobalSection
	GlobalSection(SolutionProperties) = preSolution
		HideSolutionNode = FALSE
	EndGlobalSection
	GlobalSection(ExtensibilityGlobals) = postSolution
		SolutionGuid = {6E274433-E129-4258-96E6-E95EABB3F09C}
	EndGlobalSection
EndGlobal
